# @generated - this file is auto-generated by `mise lock` https://mise.jdx.dev/dev-tools/mise-lock.html

lockfile_version = 1

[[tools.python]]
version = "3.12.14"
backend = "core:python"
specifiers = ["3.12"]

[tools.python."platforms.linux-arm64"]
checksum = "sha256:4c250ec7cea2aedde2b2e8925d7aaf5ba4924895469d6b5c81c7bdc453341c65"
url = "https://github.com/astral-sh/python-build-standalone/releases/download/20260825/cpython-3.12.14+20260825-aarch64-unknown-linux-gnu-install_only_stripped.tar.gz"
provenance = "github-attestations"

[tools.python."platforms.linux-arm64-musl"]
checksum = "sha256:92acf3228a5cfe27f492c96e39822d387900eb2cd400c5e93973f32d2fad7fbe"
url = "https://github.com/astral-sh/python-build-standalone/releases/download/20260825/cpython-3.12.14+20260825-aarch64-unknown-linux-musl-install_only_stripped.tar.gz"
provenance = "github-attestations"

[tools.python."platforms.linux-x64"]
checksum = "sha256:7ce4a71285d913955a76053cc7605ea96da8ecada54dba9cf395245961816421"
url = "https://github.com/astral-sh/python-build-standalone/releases/download/20260825/cpython-3.12.14+20260825-x86_64-unknown-linux-gnu-install_only_stripped.tar.gz"
provenance = "github-attestations"

[tools.python."platforms.linux-x64-musl"]
checksum = "sha256:cf814a8afed85f1994a9b7fd16146c7faeac4f21ab68fd91537b357fd0bb0899"
url = "https://github.com/astral-sh/python-build-standalone/releases/download/20260825/cpython-3.12.14+20260825-x86_64-unknown-linux-musl-install_only_stripped.tar.gz"
provenance = "github-attestations"

[tools.python."platforms.macos-arm64"]
checksum = "sha256:8b0f1fa71eab7ca644e482c631807a1116fa848491051cd1c8d9429491de63a6"
url = "https://github.com/astral-sh/python-build-standalone/releases/download/20260825/cpython-3.12.14+20260825-aarch64-apple-darwin-install_only_stripped.tar.gz"
provenance = "github-attestations"

[tools.python."platforms.macos-x64"]
checksum = "sha256:bd486eadd20259ad1fece28c800205baac0113c3b9cc663ddae495c19ba9db38"
url = "https://github.com/astral-sh/python-build-standalone/releases/download/20260825/cpython-3.12.14+20260825-x86_64-apple-darwin-install_only_stripped.tar.gz"
provenance = "github-attestations"

[tools.python."platforms.windows-x64"]
checksum = "sha256:8e6aad12ef6fc9685e67ce66253f8f72d6e8fa02cb7187e5850bd4db5ecd9e2a"
url = "https://github.com/astral-sh/python-build-standalone/releases/download/20260825/cpython-3.12.14+20260825-x86_64-pc-windows-msvc-install_only_stripped.tar.gz"
provenance = "github-attestations"
